
Microsoft Visual Studio Solution File, Format Version 12.00
# Visual Studio Version 17
VisualStudioVersion = 17.13.35931.197
MinimumVisualStudioVersion = 10.0.40219.1
Project("{FAE04EC0-301F-11D3-BF4B-00C04F79EFBC}") = "TgParse", "TgParse.csproj", "{BD852AED-39E5-4010-815E-11D94DBF7648}"
EndProject
Global
	GlobalSection(SolutionConfigurationPlatforms) = preSolution
		Debug|Any CPU = Debug|Any CPU
		Release|Any CPU = Release|Any CPU
	EndGlobalSection
	GlobalSection(ProjectConfigurationPlatforms) = postSolution
		{BD852AED-39E5-4010-815E-11D94DBF7648}.Debug|Any CPU.ActiveCfg = Debug|Any CPU
		{BD852AED-39E5-4010-815E-11D94DBF7648}.Debug|Any CPU.Build.0 = Debug|Any CPU
		{BD852AED-39E5-4010-815E-11D94DBF7648}.Release|Any CPU.ActiveCfg = Release|Any CPU
		{BD852AED-39E5-4010-815E-11D94DBF7648}.Release|Any CPU.Build.0 = Release|Any CPU
	EndGlobalSection
	GlobalSection(SolutionProperties) = preSolution
		HideSolutionNode = FALSE
	EndGlobalSection
	GlobalSection(ExtensibilityGlobals) = postSolution
		SolutionGuid = {21E82FAD-1A26-4353-92AA-AF41BE86FC41}
	EndGlobalSection
EndGlobal
